
Microsoft Visual Studio Solution File, Format Version 12.00
# Visual Studio Version 17
VisualStudioVersion = 17.13.35818.85 d17.13
MinimumVisualStudioVersion = 10.0.40219.1
Project("{FAE04EC0-301F-11D3-BF4B-00C04F79EFBC}") = "Pokedex", "Pokedex\Pokedex.csproj", "{8D0FE9A8-BB5E-4129-8C37-AB19ADACF879}"
EndProject
Global
	GlobalSection(SolutionConfigurationPlatforms) = preSolution
		Debug|Any CPU = Debug|Any CPU
		Release|Any CPU = Release|Any CPU
	EndGlobalSection
	GlobalSection(ProjectConfigurationPlatforms) = postSolution
		{8D0FE9A8-BB5E-4129-8C37-AB19ADACF879}.Debug|Any CPU.ActiveCfg = Debug|Any CPU
		{8D0FE9A8-BB5E-4129-8C37-AB19ADACF879}.Debug|Any CPU.Build.0 = Debug|Any CPU
		{8D0FE9A8-BB5E-4129-8C37-AB19ADACF879}.Release|Any CPU.ActiveCfg = Release|Any CPU
		{8D0FE9A8-BB5E-4129-8C37-AB19ADACF879}.Release|Any CPU.Build.0 = Release|Any CPU
	EndGlobalSection
	GlobalSection(SolutionProperties) = preSolution
		HideSolutionNode = FALSE
	EndGlobalSection
	GlobalSection(ExtensibilityGlobals) = postSolution
		SolutionGuid = {5AFFDDF2-8AF1-4CB9-A07C-8692CC527F8A}
	EndGlobalSection
EndGlobal
